<?xml version="1.0" encoding="utf-8"?>
<Project ToolsVersion="4.0" xmlns="http://schemas.microsoft.com/developer/msbuild/2003">
  <ItemGroup>
    <Filter Include="Header Files">
      <UniqueIdentifier>{93995380-89BD-4b04-88EB-625FBE52EBFB}</UniqueIdentifier>
      <Extensions>h;hh;hpp;hxx;h++;hm;inl;inc;ipp;xsd</Extensions>
    </Filter>
    <Filter Include="Utilities">
      <UniqueIdentifier>{711a8f8e-58c0-480c-bb0f-9ba7b9644be6}</UniqueIdentifier>
    </Filter>
    <Filter Include="Utilities\Console">
      <UniqueIdentifier>{8a93cc17-1a5b-41ca-8440-1f96364fd12a}</UniqueIdentifier>
    </Filter>
    <Filter Include="Third Party">
      <UniqueIdentifier>{06b6bc24-86cd-4a47-b20a-3919c61a5f22}</UniqueIdentifier>
    </Filter>
    <Filter Include="Third Party\ImGui">
      <UniqueIdentifier>{37d62960-e404-45c4-90d5-7fd3f0e46a4d}</UniqueIdentifier>
    </Filter>
    <Filter Include="Athena">
      <UniqueIdentifier>{01ebd5f5-7541-4a82-b70d-c7cea34539bd}</UniqueIdentifier>
    </Filter>
    <Filter Include="Third Party\SDK">
      <UniqueIdentifier>{f856b5ce-77ac-46dd-84ef-972a66594867}</UniqueIdentifier>
    </Filter>
    <Filter Include="Athena\Player">
      <UniqueIdentifier>{d2af352e-fc6f-4091-b2d4-d830f6735288}</UniqueIdentifier>
    </Filter>
    <Filter Include="Renderer">
      <UniqueIdentifier>{5cfc2105-adb0-4346-8e16-97d3cdd90896}</UniqueIdentifier>
    </Filter>
    <Filter Include="Renderer\Windows">
      <UniqueIdentifier>{73c20372-13ff-4098-b195-c47b06dd9216}</UniqueIdentifier>
    </Filter>
    <Filter Include="Renderer\Windows\H">
      <UniqueIdentifier>{a17f5f98-b53d-4888-a228-403d51458d9d}</UniqueIdentifier>
    </Filter>
    <Filter Include="Renderer\Windows\CPP">
      <UniqueIdentifier>{1a5e647b-77a0-46e5-ad1f-24cb5870d394}</UniqueIdentifier>
    </Filter>
  </ItemGroup>
  <ItemGroup>
    <ClCompile Include="renderer.cpp">
      <Filter>Renderer</Filter>
    </ClCompile>
    <ClCompile Include="console.cpp">
      <Filter>Utilities\Console</Filter>
    </ClCompile>
    <ClCompile Include="SDK\FN_Athena_PlayerController_functions.cpp">
      <Filter>Third Party\SDK</Filter>
    </ClCompile>
    <ClCompile Include="SDK\FN_Basic.cpp">
      <Filter>Third Party\SDK</Filter>
    </ClCompile>
    <ClCompile Include="SDK\FN_CoreUObject_functions.cpp">
      <Filter>Third Party\SDK</Filter>
    </ClCompile>
    <ClCompile Include="SDK\FN_Engine_functions.cpp">
      <Filter>Third Party\SDK</Filter>
    </ClCompile>
    <ClCompile Include="SDK\FN_FortniteGame_functions.cpp">
      <Filter>Third Party\SDK</Filter>
    </ClCompile>
    <ClCompile Include="SDK\FN_PlayerPawn_Athena_functions.cpp">
      <Filter>Third Party\SDK</Filter>
    </ClCompile>
    <ClCompile Include="SDK\FN_PlayerPawn_Athena_Generic_functions.cpp">
      <Filter>Third Party\SDK</Filter>
    </ClCompile>
    <ClCompile Include="SDK\FN_PlayerPawn_Athena_Generic_Parent_functions.cpp">
      <Filter>Third Party\SDK</Filter>
    </ClCompile>
    <ClCompile Include="imgui\imgui_widgets.cpp">
      <Filter>Third Party\ImGui</Filter>
    </ClCompile>
    <ClCompile Include="imgui\imgui.cpp">
      <Filter>Third Party\ImGui</Filter>
    </ClCompile>
    <ClCompile Include="imgui\imgui_draw.cpp">
      <Filter>Third Party\ImGui</Filter>
    </ClCompile>
    <ClCompile Include="imgui\examples\imgui_impl_dx11.cpp">
      <Filter>Third Party\ImGui</Filter>
    </ClCompile>
    <ClCompile Include="imgui\examples\imgui_impl_win32.cpp">
      <Filter>Third Party\ImGui</Filter>
    </ClCompile>
    <ClCompile Include="dllmain.cpp" />
    <ClCompile Include="actorlist.cpp">
      <Filter>Renderer\Windows\CPP</Filter>
    </ClCompile>
    <ClCompile Include="creditswindow.cpp">
      <Filter>Renderer\Windows\CPP</Filter>
    </ClCompile>
    <ClCompile Include="mainwindow.cpp">
      <Filter>Renderer\Windows\CPP</Filter>
    </ClCompile>
    <ClCompile Include="window.cpp">
      <Filter>Renderer\Windows</Filter>
    </ClCompile>
    <ClCompile Include="athena.cpp">
      <Filter>Athena</Filter>
    </ClCompile>
    <ClCompile Include="objectcache.cpp">
      <Filter>Renderer\Windows\CPP</Filter>
    </ClCompile>
    <ClCompile Include="watermark.cpp">
      <Filter>Renderer\Windows\CPP</Filter>
    </ClCompile>
    <ClCompile Include="SDK\FN_GameplayAbilities_functions.cpp">
      <Filter>Third Party\SDK</Filter>
    </ClCompile>
    <ClCompile Include="SDK\FN_FortniteUI_functions.cpp">
      <Filter>Third Party\SDK</Filter>
    </ClCompile>
    <ClCompile Include="SDK\FN_QuickbarBase_functions.cpp">
      <Filter>Third Party\SDK</Filter>
    </ClCompile>
    <ClCompile Include="SDK\FN_AthenaHUD_functions.cpp">
      <Filter>Third Party\SDK</Filter>
    </ClCompile>
    <ClCompile Include="SDK\FN_UMG_functions.cpp">
      <Filter>Third Party\SDK</Filter>
    </ClCompile>
    <ClCompile Include="inventorymapper.cpp">
      <Filter>Renderer\Windows\CPP</Filter>
    </ClCompile>
    <ClCompile Include="player.cpp">
      <Filter>Athena\Player</Filter>
    </ClCompile>
  </ItemGroup>
  <ItemGroup>
    <ClInclude Include="common.h">
      <Filter>Header Files</Filter>
    </ClInclude>
    <ClInclude Include="renderer.h">
      <Filter>Renderer</Filter>
    </ClInclude>
    <ClInclude Include="console.h">
      <Filter>Utilities\Console</Filter>
    </ClInclude>
    <ClInclude Include="SDK.hpp">
      <Filter>Third Party\SDK</Filter>
    </ClInclude>
    <ClInclude Include="actorlist.h">
      <Filter>Renderer\Windows\H</Filter>
    </ClInclude>
    <ClInclude Include="creditswindow.h">
      <Filter>Renderer\Windows\H</Filter>
    </ClInclude>
    <ClInclude Include="mainwindow.h">
      <Filter>Renderer\Windows\H</Filter>
    </ClInclude>
    <ClInclude Include="window.h">
      <Filter>Renderer\Windows</Filter>
    </ClInclude>
    <ClInclude Include="athena.h">
      <Filter>Athena</Filter>
    </ClInclude>
    <ClInclude Include="objectcache.h">
      <Filter>Renderer\Windows\H</Filter>
    </ClInclude>
    <ClInclude Include="watermark.h">
      <Filter>Renderer\Windows\H</Filter>
    </ClInclude>
    <ClInclude Include="util.h">
      <Filter>Utilities</Filter>
    </ClInclude>
    <ClInclude Include="polarisflags.h">
      <Filter>Header Files</Filter>
    </ClInclude>
    <ClInclude Include="globals.h">
      <Filter>Header Files</Filter>
    </ClInclude>
    <ClInclude Include="platform.h">
      <Filter>Utilities</Filter>
    </ClInclude>
    <ClInclude Include="inventorymapper.h">
      <Filter>Renderer\Windows\H</Filter>
    </ClInclude>
    <ClInclude Include="player.h">
      <Filter>Athena\Player</Filter>
    </ClInclude>
  </ItemGroup>
</Project>